
Microsoft Visual Studio Solution File, Format Version 10.00
# Visual Studio 2008
Project("{FAE04EC0-301F-11D3-BF4B-00C04F79EFBC}") = "SilverlightDemoTransForm", "SilverlightDemoTransForm\SilverlightDemoTransForm.csproj", "{7DD3D110-3203-4A9E-BCC7-C8F94DC9B36C}"
EndProject
Project("{FAE04EC0-301F-11D3-BF4B-00C04F79EFBC}") = "SilverlightDemoTransForm_Web", "SilverlightDemoTransForm_Web\SilverlightDemoTransForm_Web.csproj", "{FF683F1A-2DA7-4657-8155-E3FE59659F47}"
EndProject
Global
	GlobalSection(SolutionConfigurationPlatforms) = preSolution
		Debug|Any CPU = Debug|Any CPU
		Release|Any CPU = Release|Any CPU
	EndGlobalSection
	GlobalSection(ProjectConfigurationPlatforms) = postSolution
		{7DD3D110-3203-4A9E-BCC7-C8F94DC9B36C}.Debug|Any CPU.ActiveCfg = Debug|Any CPU
		{7DD3D110-3203-4A9E-BCC7-C8F94DC9B36C}.Debug|Any CPU.Build.0 = Debug|Any CPU
		{7DD3D110-3203-4A9E-BCC7-C8F94DC9B36C}.Release|Any CPU.ActiveCfg = Release|Any CPU
		{7DD3D110-3203-4A9E-BCC7-C8F94DC9B36C}.Release|Any CPU.Build.0 = Release|Any CPU
		{FF683F1A-2DA7-4657-8155-E3FE59659F47}.Debug|Any CPU.ActiveCfg = Debug|Any CPU
		{FF683F1A-2DA7-4657-8155-E3FE59659F47}.Debug|Any CPU.Build.0 = Debug|Any CPU
		{FF683F1A-2DA7-4657-8155-E3FE59659F47}.Release|Any CPU.ActiveCfg = Release|Any CPU
		{FF683F1A-2DA7-4657-8155-E3FE59659F47}.Release|Any CPU.Build.0 = Release|Any CPU
	EndGlobalSection
	GlobalSection(SolutionProperties) = preSolution
		HideSolutionNode = FALSE
	EndGlobalSection
EndGlobal
