
Microsoft Visual Studio Solution File, Format Version 10.00
# Visual Studio 2008
Project("{FAE04EC0-301F-11D3-BF4B-00C04F79EFBC}") = "StylingTemplatingSample", "StylingTemplatingSample\StylingTemplatingSample.csproj", "{D9EEE859-137A-4B13-8955-B5620B8284CB}"
EndProject
Global
	GlobalSection(SolutionConfigurationPlatforms) = preSolution
		Debug|Any CPU = Debug|Any CPU
		Release|Any CPU = Release|Any CPU
	EndGlobalSection
	GlobalSection(ProjectConfigurationPlatforms) = postSolution
		{D9EEE859-137A-4B13-8955-B5620B8284CB}.Debug|Any CPU.ActiveCfg = Debug|Any CPU
		{D9EEE859-137A-4B13-8955-B5620B8284CB}.Debug|Any CPU.Build.0 = Debug|Any CPU
		{D9EEE859-137A-4B13-8955-B5620B8284CB}.Release|Any CPU.ActiveCfg = Release|Any CPU
		{D9EEE859-137A-4B13-8955-B5620B8284CB}.Release|Any CPU.Build.0 = Release|Any CPU
	EndGlobalSection
	GlobalSection(SolutionProperties) = preSolution
		HideSolutionNode = FALSE
	EndGlobalSection
EndGlobal
