
Microsoft Visual Studio Solution File, Format Version 10.00
# Visual Studio 2008
Project("{FAE04EC0-301F-11D3-BF4B-00C04F79EFBC}") = "DataGrid", "DataGrid\DataGrid.csproj", "{0FFA96B0-8EA5-4AFA-926B-9637526164B6}"
EndProject
Project("{E24C65DC-7377-472B-9ABA-BC803B73C61A}") = "DataGridWeb", "DataGridWeb", "{F7E7E9AB-EC70-494A-AF48-6A3AD1859A9C}"
	ProjectSection(WebsiteProperties) = preProject
		TargetFramework = "3.5"
		Debug.AspNetCompiler.VirtualPath = "/DataGridWeb"
		Debug.AspNetCompiler.PhysicalPath = "DataGridWeb\"
		Debug.AspNetCompiler.TargetPath = "PrecompiledWeb\DataGridWeb\"
		Debug.AspNetCompiler.Updateable = "true"
		Debug.AspNetCompiler.ForceOverwrite = "true"
		Debug.AspNetCompiler.FixedNames = "false"
		Debug.AspNetCompiler.Debug = "True"
		Release.AspNetCompiler.VirtualPath = "/DataGridWeb"
		Release.AspNetCompiler.PhysicalPath = "DataGridWeb\"
		Release.AspNetCompiler.TargetPath = "PrecompiledWeb\DataGridWeb\"
		Release.AspNetCompiler.Updateable = "true"
		Release.AspNetCompiler.ForceOverwrite = "true"
		Release.AspNetCompiler.FixedNames = "false"
		Release.AspNetCompiler.Debug = "False"
		VWDPort = "61890"
		DefaultWebSiteLanguage = "Visual C#"
		ProjOutputReferences = "{0FFA96B0-8EA5-4AFA-926B-9637526164B6}|ClientBin|false;"
	EndProjectSection
EndProject
Global
	GlobalSection(SolutionConfigurationPlatforms) = preSolution
		Debug|.NET = Debug|.NET
		Debug|Any CPU = Debug|Any CPU
		Debug|Mixed Platforms = Debug|Mixed Platforms
		Release|.NET = Release|.NET
		Release|Any CPU = Release|Any CPU
		Release|Mixed Platforms = Release|Mixed Platforms
	EndGlobalSection
	GlobalSection(ProjectConfigurationPlatforms) = postSolution
		{0FFA96B0-8EA5-4AFA-926B-9637526164B6}.Debug|.NET.ActiveCfg = Debug|Any CPU
		{0FFA96B0-8EA5-4AFA-926B-9637526164B6}.Debug|Any CPU.ActiveCfg = Debug|Any CPU
		{0FFA96B0-8EA5-4AFA-926B-9637526164B6}.Debug|Any CPU.Build.0 = Debug|Any CPU
		{0FFA96B0-8EA5-4AFA-926B-9637526164B6}.Debug|Mixed Platforms.ActiveCfg = Debug|Any CPU
		{0FFA96B0-8EA5-4AFA-926B-9637526164B6}.Debug|Mixed Platforms.Build.0 = Debug|Any CPU
		{0FFA96B0-8EA5-4AFA-926B-9637526164B6}.Release|.NET.ActiveCfg = Release|Any CPU
		{0FFA96B0-8EA5-4AFA-926B-9637526164B6}.Release|Any CPU.ActiveCfg = Release|Any CPU
		{0FFA96B0-8EA5-4AFA-926B-9637526164B6}.Release|Any CPU.Build.0 = Release|Any CPU
		{0FFA96B0-8EA5-4AFA-926B-9637526164B6}.Release|Mixed Platforms.ActiveCfg = Release|Any CPU
		{0FFA96B0-8EA5-4AFA-926B-9637526164B6}.Release|Mixed Platforms.Build.0 = Release|Any CPU
		{F7E7E9AB-EC70-494A-AF48-6A3AD1859A9C}.Debug|.NET.ActiveCfg = Debug|.NET
		{F7E7E9AB-EC70-494A-AF48-6A3AD1859A9C}.Debug|.NET.Build.0 = Debug|.NET
		{F7E7E9AB-EC70-494A-AF48-6A3AD1859A9C}.Debug|Any CPU.ActiveCfg = Debug|.NET
		{F7E7E9AB-EC70-494A-AF48-6A3AD1859A9C}.Debug|Mixed Platforms.ActiveCfg = Debug|.NET
		{F7E7E9AB-EC70-494A-AF48-6A3AD1859A9C}.Debug|Mixed Platforms.Build.0 = Debug|.NET
		{F7E7E9AB-EC70-494A-AF48-6A3AD1859A9C}.Release|.NET.ActiveCfg = Debug|.NET
		{F7E7E9AB-EC70-494A-AF48-6A3AD1859A9C}.Release|.NET.Build.0 = Debug|.NET
		{F7E7E9AB-EC70-494A-AF48-6A3AD1859A9C}.Release|Any CPU.ActiveCfg = Debug|.NET
		{F7E7E9AB-EC70-494A-AF48-6A3AD1859A9C}.Release|Mixed Platforms.ActiveCfg = Debug|.NET
		{F7E7E9AB-EC70-494A-AF48-6A3AD1859A9C}.Release|Mixed Platforms.Build.0 = Debug|.NET
	EndGlobalSection
	GlobalSection(SolutionProperties) = preSolution
		HideSolutionNode = FALSE
	EndGlobalSection
EndGlobal
