
Microsoft Visual Studio Solution File, Format Version 10.00
# Visual Studio 2008
Project("{FAE04EC0-301F-11D3-BF4B-00C04F79EFBC}") = "SilverlightDemoWebClient", "SilverlightDemoWebClient\SilverlightDemoWebClient.csproj", "{4F08D45A-CE99-4C02-8C68-A93475340404}"
EndProject
Project("{FAE04EC0-301F-11D3-BF4B-00C04F79EFBC}") = "SilverlightDemoWebClient_Web", "SilverlightDemoWebClient_Web\SilverlightDemoWebClient_Web.csproj", "{F342EC4D-D633-49F9-9EA8-6924E46CB884}"
EndProject
Global
	GlobalSection(SolutionConfigurationPlatforms) = preSolution
		Debug|Any CPU = Debug|Any CPU
		Release|Any CPU = Release|Any CPU
	EndGlobalSection
	GlobalSection(ProjectConfigurationPlatforms) = postSolution
		{4F08D45A-CE99-4C02-8C68-A93475340404}.Debug|Any CPU.ActiveCfg = Debug|Any CPU
		{4F08D45A-CE99-4C02-8C68-A93475340404}.Debug|Any CPU.Build.0 = Debug|Any CPU
		{4F08D45A-CE99-4C02-8C68-A93475340404}.Release|Any CPU.ActiveCfg = Release|Any CPU
		{4F08D45A-CE99-4C02-8C68-A93475340404}.Release|Any CPU.Build.0 = Release|Any CPU
		{F342EC4D-D633-49F9-9EA8-6924E46CB884}.Debug|Any CPU.ActiveCfg = Debug|Any CPU
		{F342EC4D-D633-49F9-9EA8-6924E46CB884}.Debug|Any CPU.Build.0 = Debug|Any CPU
		{F342EC4D-D633-49F9-9EA8-6924E46CB884}.Release|Any CPU.ActiveCfg = Release|Any CPU
		{F342EC4D-D633-49F9-9EA8-6924E46CB884}.Release|Any CPU.Build.0 = Release|Any CPU
	EndGlobalSection
	GlobalSection(SolutionProperties) = preSolution
		HideSolutionNode = FALSE
	EndGlobalSection
EndGlobal
