
Microsoft Visual Studio Solution File, Format Version 10.00
# Visual Studio 2008
Project("{FAE04EC0-301F-11D3-BF4B-00C04F79EFBC}") = "AutoCompleteBoxSample", "AutoCompleteBox\AutoCompleteBoxSample.csproj", "{9A49C756-692A-49DC-AFE8-5BB9377B37F8}"
EndProject
Project("{FAE04EC0-301F-11D3-BF4B-00C04F79EFBC}") = "AutoCompleteBox.Web", "AutoCompleteBox.Web\AutoCompleteBox.Web.csproj", "{53E53186-C02B-4D64-B467-FED621040BD8}"
EndProject
Global
	GlobalSection(SolutionConfigurationPlatforms) = preSolution
		Debug|Any CPU = Debug|Any CPU
		Release|Any CPU = Release|Any CPU
	EndGlobalSection
	GlobalSection(ProjectConfigurationPlatforms) = postSolution
		{9A49C756-692A-49DC-AFE8-5BB9377B37F8}.Debug|Any CPU.ActiveCfg = Debug|Any CPU
		{9A49C756-692A-49DC-AFE8-5BB9377B37F8}.Debug|Any CPU.Build.0 = Debug|Any CPU
		{9A49C756-692A-49DC-AFE8-5BB9377B37F8}.Release|Any CPU.ActiveCfg = Release|Any CPU
		{9A49C756-692A-49DC-AFE8-5BB9377B37F8}.Release|Any CPU.Build.0 = Release|Any CPU
		{53E53186-C02B-4D64-B467-FED621040BD8}.Debug|Any CPU.ActiveCfg = Debug|Any CPU
		{53E53186-C02B-4D64-B467-FED621040BD8}.Debug|Any CPU.Build.0 = Debug|Any CPU
		{53E53186-C02B-4D64-B467-FED621040BD8}.Release|Any CPU.ActiveCfg = Release|Any CPU
		{53E53186-C02B-4D64-B467-FED621040BD8}.Release|Any CPU.Build.0 = Release|Any CPU
	EndGlobalSection
	GlobalSection(SolutionProperties) = preSolution
		HideSolutionNode = FALSE
	EndGlobalSection
EndGlobal
