
Microsoft Visual Studio Solution File, Format Version 10.00
# Visual Studio 2008
Project("{FAE04EC0-301F-11D3-BF4B-00C04F79EFBC}") = "CoreyMiller.VisualFx.Test", "CoreyMiller.VisualFx.Test\CoreyMiller.VisualFx.Test.csproj", "{28B2DB6C-F36A-4B60-A3BC-21E36672EEFB}"
EndProject
Project("{E24C65DC-7377-472B-9ABA-BC803B73C61A}") = "CoreyMiller.VisualFx.Test_Web", "CoreyMiller.VisualFx.Test_Web\", "{3C023F22-D2EB-4803-9FAB-08773347AA94}"
	ProjectSection(WebsiteProperties) = preProject
		TargetFramework = "3.5"
		Debug.AspNetCompiler.VirtualPath = "/CoreyMiller.VisualFx.Test_Web"
		Debug.AspNetCompiler.PhysicalPath = "CoreyMiller.VisualFx.Test_Web\"
		Debug.AspNetCompiler.TargetPath = "PrecompiledWeb\CoreyMiller.VisualFx.Test_Web\"
		Debug.AspNetCompiler.Updateable = "true"
		Debug.AspNetCompiler.ForceOverwrite = "true"
		Debug.AspNetCompiler.FixedNames = "false"
		Debug.AspNetCompiler.Debug = "True"
		Release.AspNetCompiler.VirtualPath = "/CoreyMiller.VisualFx.Test_Web"
		Release.AspNetCompiler.PhysicalPath = "CoreyMiller.VisualFx.Test_Web\"
		Release.AspNetCompiler.TargetPath = "PrecompiledWeb\CoreyMiller.VisualFx.Test_Web\"
		Release.AspNetCompiler.Updateable = "true"
		Release.AspNetCompiler.ForceOverwrite = "true"
		Release.AspNetCompiler.FixedNames = "false"
		Release.AspNetCompiler.Debug = "False"
		VWDPort = "49627"
		DefaultWebSiteLanguage = "Visual C#"
		ProjOutputReferences = "{28B2DB6C-F36A-4B60-A3BC-21E36672EEFB}|;"
	EndProjectSection
EndProject
Project("{FAE04EC0-301F-11D3-BF4B-00C04F79EFBC}") = "CoreyMiller.VisualFx.Demo", "CoreyMiller.VisualFx.Demo\CoreyMiller.VisualFx.Demo.csproj", "{0CEF51EC-A13B-48D1-B223-7A931760FE47}"
EndProject
Global
	GlobalSection(SolutionConfigurationPlatforms) = preSolution
		Debug|.NET = Debug|.NET
		Debug|Any CPU = Debug|Any CPU
		Debug|Mixed Platforms = Debug|Mixed Platforms
		Release|.NET = Release|.NET
		Release|Any CPU = Release|Any CPU
		Release|Mixed Platforms = Release|Mixed Platforms
	EndGlobalSection
	GlobalSection(ProjectConfigurationPlatforms) = postSolution
		{28B2DB6C-F36A-4B60-A3BC-21E36672EEFB}.Debug|.NET.ActiveCfg = Debug|Any CPU
		{28B2DB6C-F36A-4B60-A3BC-21E36672EEFB}.Debug|Any CPU.ActiveCfg = Debug|Any CPU
		{28B2DB6C-F36A-4B60-A3BC-21E36672EEFB}.Debug|Any CPU.Build.0 = Debug|Any CPU
		{28B2DB6C-F36A-4B60-A3BC-21E36672EEFB}.Debug|Mixed Platforms.ActiveCfg = Debug|Any CPU
		{28B2DB6C-F36A-4B60-A3BC-21E36672EEFB}.Debug|Mixed Platforms.Build.0 = Debug|Any CPU
		{28B2DB6C-F36A-4B60-A3BC-21E36672EEFB}.Release|.NET.ActiveCfg = Release|Any CPU
		{28B2DB6C-F36A-4B60-A3BC-21E36672EEFB}.Release|Any CPU.ActiveCfg = Release|Any CPU
		{28B2DB6C-F36A-4B60-A3BC-21E36672EEFB}.Release|Any CPU.Build.0 = Release|Any CPU
		{28B2DB6C-F36A-4B60-A3BC-21E36672EEFB}.Release|Mixed Platforms.ActiveCfg = Release|Any CPU
		{28B2DB6C-F36A-4B60-A3BC-21E36672EEFB}.Release|Mixed Platforms.Build.0 = Release|Any CPU
		{3C023F22-D2EB-4803-9FAB-08773347AA94}.Debug|.NET.ActiveCfg = Debug|.NET
		{3C023F22-D2EB-4803-9FAB-08773347AA94}.Debug|.NET.Build.0 = Debug|.NET
		{3C023F22-D2EB-4803-9FAB-08773347AA94}.Debug|Any CPU.ActiveCfg = Debug|.NET
		{3C023F22-D2EB-4803-9FAB-08773347AA94}.Debug|Mixed Platforms.ActiveCfg = Debug|.NET
		{3C023F22-D2EB-4803-9FAB-08773347AA94}.Debug|Mixed Platforms.Build.0 = Debug|.NET
		{3C023F22-D2EB-4803-9FAB-08773347AA94}.Release|.NET.ActiveCfg = Debug|.NET
		{3C023F22-D2EB-4803-9FAB-08773347AA94}.Release|.NET.Build.0 = Debug|.NET
		{3C023F22-D2EB-4803-9FAB-08773347AA94}.Release|Any CPU.ActiveCfg = Debug|.NET
		{3C023F22-D2EB-4803-9FAB-08773347AA94}.Release|Mixed Platforms.ActiveCfg = Debug|.NET
		{3C023F22-D2EB-4803-9FAB-08773347AA94}.Release|Mixed Platforms.Build.0 = Debug|.NET
		{0CEF51EC-A13B-48D1-B223-7A931760FE47}.Debug|.NET.ActiveCfg = Debug|Any CPU
		{0CEF51EC-A13B-48D1-B223-7A931760FE47}.Debug|Any CPU.ActiveCfg = Debug|Any CPU
		{0CEF51EC-A13B-48D1-B223-7A931760FE47}.Debug|Any CPU.Build.0 = Debug|Any CPU
		{0CEF51EC-A13B-48D1-B223-7A931760FE47}.Debug|Mixed Platforms.ActiveCfg = Debug|Any CPU
		{0CEF51EC-A13B-48D1-B223-7A931760FE47}.Debug|Mixed Platforms.Build.0 = Debug|Any CPU
		{0CEF51EC-A13B-48D1-B223-7A931760FE47}.Release|.NET.ActiveCfg = Release|Any CPU
		{0CEF51EC-A13B-48D1-B223-7A931760FE47}.Release|Any CPU.ActiveCfg = Release|Any CPU
		{0CEF51EC-A13B-48D1-B223-7A931760FE47}.Release|Any CPU.Build.0 = Release|Any CPU
		{0CEF51EC-A13B-48D1-B223-7A931760FE47}.Release|Mixed Platforms.ActiveCfg = Release|Any CPU
		{0CEF51EC-A13B-48D1-B223-7A931760FE47}.Release|Mixed Platforms.Build.0 = Release|Any CPU
	EndGlobalSection
	GlobalSection(SolutionProperties) = preSolution
		HideSolutionNode = FALSE
	EndGlobalSection
EndGlobal
