
Microsoft Visual Studio Solution File, Format Version 10.00
# Visual Studio 2008
Project("{FAE04EC0-301F-11D3-BF4B-00C04F79EFBC}") = "ShowPoxQuickStart", "ShowPoxQuickStart\ShowPoxQuickStart.csproj", "{B3457B27-36B4-48C6-9CF0-E547CF0A45F4}"
EndProject
Project("{FAE04EC0-301F-11D3-BF4B-00C04F79EFBC}") = "ShowPoxQuickStart_Web", "ShowPoxQuickStart_Web\ShowPoxQuickStart_Web.csproj", "{D49775D9-D374-488E-8F0B-3B6110165B01}"
EndProject
Global
	GlobalSection(SolutionConfigurationPlatforms) = preSolution
		Debug|Any CPU = Debug|Any CPU
		Release|Any CPU = Release|Any CPU
	EndGlobalSection
	GlobalSection(ProjectConfigurationPlatforms) = postSolution
		{B3457B27-36B4-48C6-9CF0-E547CF0A45F4}.Debug|Any CPU.ActiveCfg = Debug|Any CPU
		{B3457B27-36B4-48C6-9CF0-E547CF0A45F4}.Debug|Any CPU.Build.0 = Debug|Any CPU
		{B3457B27-36B4-48C6-9CF0-E547CF0A45F4}.Release|Any CPU.ActiveCfg = Release|Any CPU
		{B3457B27-36B4-48C6-9CF0-E547CF0A45F4}.Release|Any CPU.Build.0 = Release|Any CPU
		{D49775D9-D374-488E-8F0B-3B6110165B01}.Debug|Any CPU.ActiveCfg = Debug|Any CPU
		{D49775D9-D374-488E-8F0B-3B6110165B01}.Debug|Any CPU.Build.0 = Debug|Any CPU
		{D49775D9-D374-488E-8F0B-3B6110165B01}.Release|Any CPU.ActiveCfg = Release|Any CPU
		{D49775D9-D374-488E-8F0B-3B6110165B01}.Release|Any CPU.Build.0 = Release|Any CPU
	EndGlobalSection
	GlobalSection(SolutionProperties) = preSolution
		HideSolutionNode = FALSE
	EndGlobalSection
EndGlobal
