
Microsoft Visual Studio Solution File, Format Version 10.00
# Visual Studio 2008
Project("{FAE04EC0-301F-11D3-BF4B-00C04F79EFBC}") = "SilverlightApplication4", "SilverlightApplication4\SilverlightApplication4.csproj", "{D626A599-71A2-48FE-8B9C-E15EBADE9F5E}"
EndProject
Global
	GlobalSection(SolutionConfigurationPlatforms) = preSolution
		Debug|Any CPU = Debug|Any CPU
		Release|Any CPU = Release|Any CPU
	EndGlobalSection
	GlobalSection(ProjectConfigurationPlatforms) = postSolution
		{D626A599-71A2-48FE-8B9C-E15EBADE9F5E}.Debug|Any CPU.ActiveCfg = Debug|Any CPU
		{D626A599-71A2-48FE-8B9C-E15EBADE9F5E}.Debug|Any CPU.Build.0 = Debug|Any CPU
		{D626A599-71A2-48FE-8B9C-E15EBADE9F5E}.Release|Any CPU.ActiveCfg = Release|Any CPU
		{D626A599-71A2-48FE-8B9C-E15EBADE9F5E}.Release|Any CPU.Build.0 = Release|Any CPU
	EndGlobalSection
EndGlobal
