
Microsoft Visual Studio Solution File, Format Version 10.00
# Visual Studio 2008
Project("{FAE04EC0-301F-11D3-BF4B-00C04F79EFBC}") = "SilverlightDemoFullScreen", "SilverlightDemoFullScreen\SilverlightDemoFullScreen.csproj", "{171FE389-8B2A-4572-8740-A0BA1D4958AF}"
EndProject
Project("{FAE04EC0-301F-11D3-BF4B-00C04F79EFBC}") = "SilverlightDemoFullScreen_Web", "SilverlightDemoFullScreen_Web\SilverlightDemoFullScreen_Web.csproj", "{19A692D6-6A38-4C3B-9F05-8A16E3896C2B}"
EndProject
Global
	GlobalSection(SolutionConfigurationPlatforms) = preSolution
		Debug|Any CPU = Debug|Any CPU
		Release|Any CPU = Release|Any CPU
	EndGlobalSection
	GlobalSection(ProjectConfigurationPlatforms) = postSolution
		{171FE389-8B2A-4572-8740-A0BA1D4958AF}.Debug|Any CPU.ActiveCfg = Debug|Any CPU
		{171FE389-8B2A-4572-8740-A0BA1D4958AF}.Debug|Any CPU.Build.0 = Debug|Any CPU
		{171FE389-8B2A-4572-8740-A0BA1D4958AF}.Release|Any CPU.ActiveCfg = Release|Any CPU
		{171FE389-8B2A-4572-8740-A0BA1D4958AF}.Release|Any CPU.Build.0 = Release|Any CPU
		{19A692D6-6A38-4C3B-9F05-8A16E3896C2B}.Debug|Any CPU.ActiveCfg = Debug|Any CPU
		{19A692D6-6A38-4C3B-9F05-8A16E3896C2B}.Debug|Any CPU.Build.0 = Debug|Any CPU
		{19A692D6-6A38-4C3B-9F05-8A16E3896C2B}.Release|Any CPU.ActiveCfg = Release|Any CPU
		{19A692D6-6A38-4C3B-9F05-8A16E3896C2B}.Release|Any CPU.Build.0 = Release|Any CPU
	EndGlobalSection
	GlobalSection(SolutionProperties) = preSolution
		HideSolutionNode = FALSE
	EndGlobalSection
EndGlobal
