
Microsoft Visual Studio Solution File, Format Version 10.00
# Visual Studio 2008
Project("{FAE04EC0-301F-11D3-BF4B-00C04F79EFBC}") = "SimpleDrawing", "SimpleDrawing\SimpleDrawing.csproj", "{D1139F21-DE0B-42C2-A34C-7E512066154B}"
EndProject
Global
	GlobalSection(SolutionConfigurationPlatforms) = preSolution
		Debug|Any CPU = Debug|Any CPU
		Release|Any CPU = Release|Any CPU
	EndGlobalSection
	GlobalSection(ProjectConfigurationPlatforms) = postSolution
		{D1139F21-DE0B-42C2-A34C-7E512066154B}.Debug|Any CPU.ActiveCfg = Debug|Any CPU
		{D1139F21-DE0B-42C2-A34C-7E512066154B}.Debug|Any CPU.Build.0 = Debug|Any CPU
		{D1139F21-DE0B-42C2-A34C-7E512066154B}.Release|Any CPU.ActiveCfg = Release|Any CPU
		{D1139F21-DE0B-42C2-A34C-7E512066154B}.Release|Any CPU.Build.0 = Release|Any CPU
	EndGlobalSection
	GlobalSection(SolutionProperties) = preSolution
		HideSolutionNode = FALSE
	EndGlobalSection
EndGlobal
