
Microsoft Visual Studio Solution File, Format Version 10.00
# Visual Studio 2008
Project("{FAE04EC0-301F-11D3-BF4B-00C04F79EFBC}") = "CustomerService", "CustomerService\CustomerService.csproj", "{F22363EB-BC4D-45F9-8DA8-A70FE9EC4143}"
EndProject
Project("{FAE04EC0-301F-11D3-BF4B-00C04F79EFBC}") = "CustomerClient", "CustomerClient\CustomerClient.csproj", "{673F6EBE-0435-456C-84B0-A3F41F395B67}"
EndProject
Global
	GlobalSection(SolutionConfigurationPlatforms) = preSolution
		Debug|Any CPU = Debug|Any CPU
		Release|Any CPU = Release|Any CPU
	EndGlobalSection
	GlobalSection(ProjectConfigurationPlatforms) = postSolution
		{F22363EB-BC4D-45F9-8DA8-A70FE9EC4143}.Debug|Any CPU.ActiveCfg = Debug|Any CPU
		{F22363EB-BC4D-45F9-8DA8-A70FE9EC4143}.Debug|Any CPU.Build.0 = Debug|Any CPU
		{F22363EB-BC4D-45F9-8DA8-A70FE9EC4143}.Release|Any CPU.ActiveCfg = Release|Any CPU
		{F22363EB-BC4D-45F9-8DA8-A70FE9EC4143}.Release|Any CPU.Build.0 = Release|Any CPU
		{673F6EBE-0435-456C-84B0-A3F41F395B67}.Debug|Any CPU.ActiveCfg = Debug|Any CPU
		{673F6EBE-0435-456C-84B0-A3F41F395B67}.Debug|Any CPU.Build.0 = Debug|Any CPU
		{673F6EBE-0435-456C-84B0-A3F41F395B67}.Release|Any CPU.ActiveCfg = Release|Any CPU
		{673F6EBE-0435-456C-84B0-A3F41F395B67}.Release|Any CPU.Build.0 = Release|Any CPU
	EndGlobalSection
	GlobalSection(SolutionProperties) = preSolution
		HideSolutionNode = FALSE
	EndGlobalSection
EndGlobal
